{"1.1.0",
[{<<"base64url">>,{pkg,<<"base64url">>,<<"0.0.1">>},1},
 {<<"jose">>,{pkg,<<"jose">>,<<"1.9.0">>},0},
 {<<"jsx">>,{pkg,<<"jsx">>,<<"2.10.0">>},0}]}.
[
{pkg_hash,[
 {<<"base64url">>, <<"36A90125F5948E3AFD7BE97662A1504B934DD5DAC78451CA6E9ABF85A10286BE">>},
 {<<"jose">>, <<"4167C5F6D06FFAEBFFD15CDB8DA61A108445EF5E85AB8F5A7AD926FDF3ADA154">>},
 {<<"jsx">>, <<"77760560D6AC2B8C51FD4C980E9E19B784016AA70BE354CE746472C33BEB0B1C">>}]}
].
